
Microsoft Visual Studio Solution File, Format Version 12.00
# Visual Studio 2012
Project("{FAE04EC0-301F-11D3-BF4B-00C04F79EFBC}") = "ProvincialParks.CampingApp", "ProvincialParks.CampingApp\ProvincialParks.CampingApp.csproj", "{B003B177-14DE-4E87-BA00-A47B750A9BE2}"
EndProject
Project("{FAE04EC0-301F-11D3-BF4B-00C04F79EFBC}") = "ProvincialParks.UnitTests", "ProvincialParks.UnitTests\ProvincialParks.UnitTests.csproj", "{F1430E79-A5E7-471C-9C23-E34B09E3AC5D}"
EndProject
Global
	GlobalSection(SolutionConfigurationPlatforms) = preSolution
		Debug|Any CPU = Debug|Any CPU
		Release|Any CPU = Release|Any CPU
	EndGlobalSection
	GlobalSection(ProjectConfigurationPlatforms) = postSolution
		{B003B177-14DE-4E87-BA00-A47B750A9BE2}.Debug|Any CPU.ActiveCfg = Debug|Any CPU
		{B003B177-14DE-4E87-BA00-A47B750A9BE2}.Debug|Any CPU.Build.0 = Debug|Any CPU
		{B003B177-14DE-4E87-BA00-A47B750A9BE2}.Release|Any CPU.ActiveCfg = Release|Any CPU
		{B003B177-14DE-4E87-BA00-A47B750A9BE2}.Release|Any CPU.Build.0 = Release|Any CPU
		{F1430E79-A5E7-471C-9C23-E34B09E3AC5D}.Debug|Any CPU.ActiveCfg = Debug|Any CPU
		{F1430E79-A5E7-471C-9C23-E34B09E3AC5D}.Debug|Any CPU.Build.0 = Debug|Any CPU
		{F1430E79-A5E7-471C-9C23-E34B09E3AC5D}.Release|Any CPU.ActiveCfg = Release|Any CPU
		{F1430E79-A5E7-471C-9C23-E34B09E3AC5D}.Release|Any CPU.Build.0 = Release|Any CPU
	EndGlobalSection
	GlobalSection(SolutionProperties) = preSolution
		HideSolutionNode = FALSE
	EndGlobalSection
EndGlobal
